
Microsoft Visual Studio Solution File, Format Version 12.00
# Visual Studio Version 16
VisualStudioVersion = 16.0.30413.136
MinimumVisualStudioVersion = 10.0.40219.1
Project("{FAE04EC0-301F-11D3-BF4B-00C04F79EFBC}") = "Program2-Loops", "Program2-Loops.csproj", "{846D1C2C-D00F-4615-BCDA-A2DEF0719531}"
EndProject
Global
	GlobalSection(SolutionConfigurationPlatforms) = preSolution
		Debug|Any CPU = Debug|Any CPU
		Release|Any CPU = Release|Any CPU
	EndGlobalSection
	GlobalSection(ProjectConfigurationPlatforms) = postSolution
		{846D1C2C-D00F-4615-BCDA-A2DEF0719531}.Debug|Any CPU.ActiveCfg = Debug|Any CPU
		{846D1C2C-D00F-4615-BCDA-A2DEF0719531}.Debug|Any CPU.Build.0 = Debug|Any CPU
		{846D1C2C-D00F-4615-BCDA-A2DEF0719531}.Release|Any CPU.ActiveCfg = Release|Any CPU
		{846D1C2C-D00F-4615-BCDA-A2DEF0719531}.Release|Any CPU.Build.0 = Release|Any CPU
	EndGlobalSection
	GlobalSection(SolutionProperties) = preSolution
		HideSolutionNode = FALSE
	EndGlobalSection
	GlobalSection(ExtensibilityGlobals) = postSolution
		SolutionGuid = {91816C51-86D6-495E-A698-45759E2F8D68}
	EndGlobalSection
EndGlobal
