
Microsoft Visual Studio Solution File, Format Version 12.00
# Visual Studio Version 16
VisualStudioVersion = 16.0.30413.136
MinimumVisualStudioVersion = 10.0.40219.1
Project("{FAE04EC0-301F-11D3-BF4B-00C04F79EFBC}") = "Program 4- Lists", "Program 4- Lists.csproj", "{D374BF17-F125-4CEA-BA13-0CA893A3BE55}"
EndProject
Global
	GlobalSection(SolutionConfigurationPlatforms) = preSolution
		Debug|Any CPU = Debug|Any CPU
		Release|Any CPU = Release|Any CPU
	EndGlobalSection
	GlobalSection(ProjectConfigurationPlatforms) = postSolution
		{D374BF17-F125-4CEA-BA13-0CA893A3BE55}.Debug|Any CPU.ActiveCfg = Debug|Any CPU
		{D374BF17-F125-4CEA-BA13-0CA893A3BE55}.Debug|Any CPU.Build.0 = Debug|Any CPU
		{D374BF17-F125-4CEA-BA13-0CA893A3BE55}.Release|Any CPU.ActiveCfg = Release|Any CPU
		{D374BF17-F125-4CEA-BA13-0CA893A3BE55}.Release|Any CPU.Build.0 = Release|Any CPU
	EndGlobalSection
	GlobalSection(SolutionProperties) = preSolution
		HideSolutionNode = FALSE
	EndGlobalSection
	GlobalSection(ExtensibilityGlobals) = postSolution
		SolutionGuid = {9EFA1BD3-84C1-4664-86D5-3E2DFF083982}
	EndGlobalSection
EndGlobal
